
Microsoft Visual Studio Solution File, Format Version 12.00
# Visual Studio Version 16
VisualStudioVersion = 16.0.30523.141
MinimumVisualStudioVersion = 10.0.40219.1
Project("{F184B08F-C81C-45F6-A57F-5ABD9991F28F}") = "GitHub_Website", "GitHub_Website\GitHub_Website.vbproj", "{C4FF4A7C-4DC5-463A-B49D-8303EC200EAE}"
EndProject
Global
	GlobalSection(SolutionConfigurationPlatforms) = preSolution
		Debug|Any CPU = Debug|Any CPU
		Release|Any CPU = Release|Any CPU
	EndGlobalSection
	GlobalSection(ProjectConfigurationPlatforms) = postSolution
		{C4FF4A7C-4DC5-463A-B49D-8303EC200EAE}.Debug|Any CPU.ActiveCfg = Debug|Any CPU
		{C4FF4A7C-4DC5-463A-B49D-8303EC200EAE}.Debug|Any CPU.Build.0 = Debug|Any CPU
		{C4FF4A7C-4DC5-463A-B49D-8303EC200EAE}.Release|Any CPU.ActiveCfg = Release|Any CPU
		{C4FF4A7C-4DC5-463A-B49D-8303EC200EAE}.Release|Any CPU.Build.0 = Release|Any CPU
	EndGlobalSection
	GlobalSection(SolutionProperties) = preSolution
		HideSolutionNode = FALSE
	EndGlobalSection
	GlobalSection(ExtensibilityGlobals) = postSolution
		SolutionGuid = {FEBDEF7B-9960-4673-AB78-C454656576D5}
	EndGlobalSection
EndGlobal
